// !$*UTF8*$!
{
	archiveVersion = 1;
	classes = {
	};
	objectVersion = 46;
	objects = {

/* Begin PBXBuildFile section */
		EE20ABFD1B62A4B6009B50D6 /* NSDate+SSDateAdditions.m in Sources */ = {isa = PBXBuildFile; fileRef = EE20ABF91B62A4B6009B50D6 /* NSDate+SSDateAdditions.m */; };
		EE20ABFE1B62A4B6009B50D6 /* SSMaterialStepView.m in Sources */ = {isa = PBXBuildFile; fileRef = EE20ABFC1B62A4B6009B50D6 /* SSMaterialStepView.m */; };
		EE20AC231B62AAE9009B50D6 /* SSMaterialCalendarPicker.xib in Resources */ = {isa = PBXBuildFile; fileRef = EE20AC221B62AAE9009B50D6 /* SSMaterialCalendarPicker.xib */; };
		EE4B8B691B5ED299005ACB3C /* SSMaterialCalendarPicker.m in Sources */ = {isa = PBXBuildFile; fileRef = EE4B8B681B5ED299005ACB3C /* SSMaterialCalendarPicker.m */; };
		EE4B8B6F1B5ED50B005ACB3C /* Main.storyboard in Resources */ = {isa = PBXBuildFile; fileRef = EE4B8B6D1B5ED50B005ACB3C /* Main.storyboard */; };
		EE4B8B731B5EDF41005ACB3C /* SSCalendarCollectionViewCell.xib in Resources */ = {isa = PBXBuildFile; fileRef = EE4B8B721B5EDF41005ACB3C /* SSCalendarCollectionViewCell.xib */; };
		EEB0CD261B66E1C8000133BC /* UIImage+THColorInverter.m in Sources */ = {isa = PBXBuildFile; fileRef = EEB0CD251B66E1C8000133BC /* UIImage+THColorInverter.m */; };
		EEE8163F1B585EE5005ACEA6 /* SSCalendarCollectionViewCell.m in Sources */ = {isa = PBXBuildFile; fileRef = EEE8162E1B585EE5005ACEA6 /* SSCalendarCollectionViewCell.m */; };
		EEE816401B585EE5005ACEA6 /* Images.xcassets in Resources */ = {isa = PBXBuildFile; fileRef = EEE816311B585EE5005ACEA6 /* Images.xcassets */; };
		EEE816411B585EE5005ACEA6 /* AppDelegate.m in Sources */ = {isa = PBXBuildFile; fileRef = EEE816341B585EE5005ACEA6 /* AppDelegate.m */; };
		EEE816431B585EE5005ACEA6 /* main.m in Sources */ = {isa = PBXBuildFile; fileRef = EEE816361B585EE5005ACEA6 /* main.m */; };
		EEE816441B585EE5005ACEA6 /* LaunchScreen.xib in Resources */ = {isa = PBXBuildFile; fileRef = EEE816381B585EE5005ACEA6 /* LaunchScreen.xib */; };
		EEE816461B585EE5005ACEA6 /* ExampleViewController.m in Sources */ = {isa = PBXBuildFile; fileRef = EEE8163E1B585EE5005ACEA6 /* ExampleViewController.m */; };
/* End PBXBuildFile section */

/* Begin PBXFileReference section */
		EE20ABF81B62A4B6009B50D6 /* NSDate+SSDateAdditions.h */ = {isa = PBXFileReference; fileEncoding = 4; lastKnownFileType = sourcecode.c.h; path = "NSDate+SSDateAdditions.h"; sourceTree = "<group>"; };
		EE20ABF91B62A4B6009B50D6 /* NSDate+SSDateAdditions.m */ = {isa = PBXFileReference; fileEncoding = 4; lastKnownFileType = sourcecode.c.objc; path = "NSDate+SSDateAdditions.m"; sourceTree = "<group>"; };
		EE20ABFB1B62A4B6009B50D6 /* SSMaterialStepView.h */ = {isa = PBXFileReference; fileEncoding = 4; lastKnownFileType = sourcecode.c.h; path = SSMaterialStepView.h; sourceTree = "<group>"; };
		EE20ABFC1B62A4B6009B50D6 /* SSMaterialStepView.m */ = {isa = PBXFileReference; fileEncoding = 4; lastKnownFileType = sourcecode.c.objc; path = SSMaterialStepView.m; sourceTree = "<group>"; };
		EE20AC221B62AAE9009B50D6 /* SSMaterialCalendarPicker.xib */ = {isa = PBXFileReference; fileEncoding = 4; lastKnownFileType = file.xib; path = SSMaterialCalendarPicker.xib; sourceTree = "<group>"; };
		EE4B8B671B5ED299005ACB3C /* SSMaterialCalendarPicker.h */ = {isa = PBXFileReference; fileEncoding = 4; lastKnownFileType = sourcecode.c.h; path = SSMaterialCalendarPicker.h; sourceTree = "<group>"; };
		EE4B8B681B5ED299005ACB3C /* SSMaterialCalendarPicker.m */ = {isa = PBXFileReference; fileEncoding = 4; lastKnownFileType = sourcecode.c.objc; path = SSMaterialCalendarPicker.m; sourceTree = "<group>"; };
		EE4B8B6E1B5ED50B005ACB3C /* Base */ = {isa = PBXFileReference; lastKnownFileType = file.storyboard; name = Base; path = Base.lproj/Main.storyboard; sourceTree = "<group>"; };
		EE4B8B721B5EDF41005ACB3C /* SSCalendarCollectionViewCell.xib */ = {isa = PBXFileReference; fileEncoding = 4; lastKnownFileType = file.xib; path = SSCalendarCollectionViewCell.xib; sourceTree = "<group>"; };
		EEB0CD241B66E1C8000133BC /* UIImage+THColorInverter.h */ = {isa = PBXFileReference; fileEncoding = 4; lastKnownFileType = sourcecode.c.h; path = "UIImage+THColorInverter.h"; sourceTree = "<group>"; };
		EEB0CD251B66E1C8000133BC /* UIImage+THColorInverter.m */ = {isa = PBXFileReference; fileEncoding = 4; lastKnownFileType = sourcecode.c.objc; path = "UIImage+THColorInverter.m"; sourceTree = "<group>"; };
		EEE8162D1B585EE5005ACEA6 /* SSCalendarCollectionViewCell.h */ = {isa = PBXFileReference; fileEncoding = 4; lastKnownFileType = sourcecode.c.h; path = SSCalendarCollectionViewCell.h; sourceTree = "<group>"; };
		EEE8162E1B585EE5005ACEA6 /* SSCalendarCollectionViewCell.m */ = {isa = PBXFileReference; fileEncoding = 4; lastKnownFileType = sourcecode.c.objc; path = SSCalendarCollectionViewCell.m; sourceTree = "<group>"; };
		EEE816311B585EE5005ACEA6 /* Images.xcassets */ = {isa = PBXFileReference; lastKnownFileType = folder.assetcatalog; path = Images.xcassets; sourceTree = "<group>"; };
		EEE816331B585EE5005ACEA6 /* AppDelegate.h */ = {isa = PBXFileReference; fileEncoding = 4; lastKnownFileType = sourcecode.c.h; path = AppDelegate.h; sourceTree = "<group>"; };
		EEE816341B585EE5005ACEA6 /* AppDelegate.m */ = {isa = PBXFileReference; fileEncoding = 4; lastKnownFileType = sourcecode.c.objc; path = AppDelegate.m; sourceTree = "<group>"; };
		EEE816351B585EE5005ACEA6 /* Info.plist */ = {isa = PBXFileReference; fileEncoding = 4; lastKnownFileType = text.plist.xml; path = Info.plist; sourceTree = "<group>"; };
		EEE816361B585EE5005ACEA6 /* main.m */ = {isa = PBXFileReference; fileEncoding = 4; lastKnownFileType = sourcecode.c.objc; path = main.m; sourceTree = "<group>"; };
		EEE816391B585EE5005ACEA6 /* Base */ = {isa = PBXFileReference; lastKnownFileType = file.xib; name = Base; path = Base.lproj/LaunchScreen.xib; sourceTree = "<group>"; };
		EEE8163D1B585EE5005ACEA6 /* ExampleViewController.h */ = {isa = PBXFileReference; fileEncoding = 4; lastKnownFileType = sourcecode.c.h; path = ExampleViewController.h; sourceTree = "<group>"; };
		EEE8163E1B585EE5005ACEA6 /* ExampleViewController.m */ = {isa = PBXFileReference; fileEncoding = 4; lastKnownFileType = sourcecode.c.objc; path = ExampleViewController.m; sourceTree = "<group>"; };
		EEE816471B585FA0005ACEA6 /* SSMaterialCalendarPicker.app */ = {isa = PBXFileReference; explicitFileType = wrapper.application; includeInIndex = 0; path = SSMaterialCalendarPicker.app; sourceTree = BUILT_PRODUCTS_DIR; };
/* End PBXFileReference section */

/* Begin PBXFrameworksBuildPhase section */
		EEC824CB1B5717F2003C90C1 /* Frameworks */ = {
			isa = PBXFrameworksBuildPhase;
			buildActionMask = 2147483647;
			files = (
			);
			runOnlyForDeploymentPostprocessing = 0;
		};
/* End PBXFrameworksBuildPhase section */

/* Begin PBXGroup section */
		EE20ABF71B62A4B6009B50D6 /* Custom Categories */ = {
			isa = PBXGroup;
			children = (
				EE20ABF81B62A4B6009B50D6 /* NSDate+SSDateAdditions.h */,
				EE20ABF91B62A4B6009B50D6 /* NSDate+SSDateAdditions.m */,
				EEB0CD241B66E1C8000133BC /* UIImage+THColorInverter.h */,
				EEB0CD251B66E1C8000133BC /* UIImage+THColorInverter.m */,
			);
			path = "Custom Categories";
			sourceTree = "<group>";
		};
		EE20ABFA1B62A4B6009B50D6 /* Custom Views */ = {
			isa = PBXGroup;
			children = (
				EE20ABFB1B62A4B6009B50D6 /* SSMaterialStepView.h */,
				EE20ABFC1B62A4B6009B50D6 /* SSMaterialStepView.m */,
			);
			path = "Custom Views";
			sourceTree = "<group>";
		};
		EEC824C51B5717F2003C90C1 = {
			isa = PBXGroup;
			children = (
				EEE8162B1B585EE5005ACEA6 /* SSMaterialCalendarPicker */,
				EEE816481B58603C005ACEA6 /* Product */,
			);
			sourceTree = "<group>";
		};
		EEE8162B1B585EE5005ACEA6 /* SSMaterialCalendarPicker */ = {
			isa = PBXGroup;
			children = (
				EEE8162C1B585EE5005ACEA6 /* Classes */,
				EEE8162F1B585EE5005ACEA6 /* Resources */,
				EEE816321B585EE5005ACEA6 /* Supporting Files */,
				EEE816371B585EE5005ACEA6 /* User Interface */,
				EEE8163C1B585EE5005ACEA6 /* View Controllers */,
			);
			path = SSMaterialCalendarPicker;
			sourceTree = "<group>";
		};
		EEE8162C1B585EE5005ACEA6 /* Classes */ = {
			isa = PBXGroup;
			children = (
				EE20ABF71B62A4B6009B50D6 /* Custom Categories */,
				EE20ABFA1B62A4B6009B50D6 /* Custom Views */,
				EEE8162D1B585EE5005ACEA6 /* SSCalendarCollectionViewCell.h */,
				EEE8162E1B585EE5005ACEA6 /* SSCalendarCollectionViewCell.m */,
				EE4B8B721B5EDF41005ACB3C /* SSCalendarCollectionViewCell.xib */,
				EE4B8B671B5ED299005ACB3C /* SSMaterialCalendarPicker.h */,
				EE4B8B681B5ED299005ACB3C /* SSMaterialCalendarPicker.m */,
				EE20AC221B62AAE9009B50D6 /* SSMaterialCalendarPicker.xib */,
			);
			path = Classes;
			sourceTree = "<group>";
		};
		EEE8162F1B585EE5005ACEA6 /* Resources */ = {
			isa = PBXGroup;
			children = (
				EEE816301B585EE5005ACEA6 /* Images */,
			);
			path = Resources;
			sourceTree = "<group>";
		};
		EEE816301B585EE5005ACEA6 /* Images */ = {
			isa = PBXGroup;
			children = (
				EEE816311B585EE5005ACEA6 /* Images.xcassets */,
			);
			path = Images;
			sourceTree = "<group>";
		};
		EEE816321B585EE5005ACEA6 /* Supporting Files */ = {
			isa = PBXGroup;
			children = (
				EEE816331B585EE5005ACEA6 /* AppDelegate.h */,
				EEE816341B585EE5005ACEA6 /* AppDelegate.m */,
				EEE816351B585EE5005ACEA6 /* Info.plist */,
				EEE816361B585EE5005ACEA6 /* main.m */,
			);
			path = "Supporting Files";
			sourceTree = "<group>";
		};
		EEE816371B585EE5005ACEA6 /* User Interface */ = {
			isa = PBXGroup;
			children = (
				EE4B8B6D1B5ED50B005ACB3C /* Main.storyboard */,
				EEE816381B585EE5005ACEA6 /* LaunchScreen.xib */,
			);
			path = "User Interface";
			sourceTree = "<group>";
		};
		EEE8163C1B585EE5005ACEA6 /* View Controllers */ = {
			isa = PBXGroup;
			children = (
				EEE8163D1B585EE5005ACEA6 /* ExampleViewController.h */,
				EEE8163E1B585EE5005ACEA6 /* ExampleViewController.m */,
			);
			path = "View Controllers";
			sourceTree = "<group>";
		};
		EEE816481B58603C005ACEA6 /* Product */ = {
			isa = PBXGroup;
			children = (
				EEE816471B585FA0005ACEA6 /* SSMaterialCalendarPicker.app */,
			);
			name = Product;
			sourceTree = "<group>";
		};
/* End PBXGroup section */

/* Begin PBXNativeTarget section */
		EEC824CD1B5717F2003C90C1 /* SSMaterialCalendarPicker */ = {
			isa = PBXNativeTarget;
			buildConfigurationList = EEC824F11B5717F3003C90C1 /* Build configuration list for PBXNativeTarget "SSMaterialCalendarPicker" */;
			buildPhases = (
				EEC824CA1B5717F2003C90C1 /* Sources */,
				EEC824CB1B5717F2003C90C1 /* Frameworks */,
				EEC824CC1B5717F2003C90C1 /* Resources */,
			);
			buildRules = (
			);
			dependencies = (
			);
			name = SSMaterialCalendarPicker;
			productName = SSMaterialDateRangeSelector;
			productReference = EEE816471B585FA0005ACEA6 /* SSMaterialCalendarPicker.app */;
			productType = "com.apple.product-type.application";
		};
/* End PBXNativeTarget section */

/* Begin PBXProject section */
		EEC824C61B5717F2003C90C1 /* Project object */ = {
			isa = PBXProject;
			attributes = {
				LastUpgradeCheck = 0700;
				ORGANIZATIONNAME = "Shoryuken Solutions";
				TargetAttributes = {
					EEC824CD1B5717F2003C90C1 = {
						CreatedOnToolsVersion = 6.3.2;
					};
				};
			};
			buildConfigurationList = EEC824C91B5717F2003C90C1 /* Build configuration list for PBXProject "SSMaterialCalendarPicker" */;
			compatibilityVersion = "Xcode 3.2";
			developmentRegion = English;
			hasScannedForEncodings = 0;
			knownRegions = (
				en,
				Base,
			);
			mainGroup = EEC824C51B5717F2003C90C1;
			productRefGroup = EEC824C51B5717F2003C90C1;
			projectDirPath = "";
			projectRoot = "";
			targets = (
				EEC824CD1B5717F2003C90C1 /* SSMaterialCalendarPicker */,
			);
		};
/* End PBXProject section */

/* Begin PBXResourcesBuildPhase section */
		EEC824CC1B5717F2003C90C1 /* Resources */ = {
			isa = PBXResourcesBuildPhase;
			buildActionMask = 2147483647;
			files = (
				EE4B8B6F1B5ED50B005ACB3C /* Main.storyboard in Resources */,
				EEE816441B585EE5005ACEA6 /* LaunchScreen.xib in Resources */,
				EE20AC231B62AAE9009B50D6 /* SSMaterialCalendarPicker.xib in Resources */,
				EE4B8B731B5EDF41005ACB3C /* SSCalendarCollectionViewCell.xib in Resources */,
				EEE816401B585EE5005ACEA6 /* Images.xcassets in Resources */,
			);
			runOnlyForDeploymentPostprocessing = 0;
		};
/* End PBXResourcesBuildPhase section */

/* Begin PBXSourcesBuildPhase section */
		EEC824CA1B5717F2003C90C1 /* Sources */ = {
			isa = PBXSourcesBuildPhase;
			buildActionMask = 2147483647;
			files = (
				EE20ABFD1B62A4B6009B50D6 /* NSDate+SSDateAdditions.m in Sources */,
				EEE816411B585EE5005ACEA6 /* AppDelegate.m in Sources */,
				EEB0CD261B66E1C8000133BC /* UIImage+THColorInverter.m in Sources */,
				EEE816431B585EE5005ACEA6 /* main.m in Sources */,
				EEE816461B585EE5005ACEA6 /* ExampleViewController.m in Sources */,
				EE4B8B691B5ED299005ACB3C /* SSMaterialCalendarPicker.m in Sources */,
				EEE8163F1B585EE5005ACEA6 /* SSCalendarCollectionViewCell.m in Sources */,
				EE20ABFE1B62A4B6009B50D6 /* SSMaterialStepView.m in Sources */,
			);
			runOnlyForDeploymentPostprocessing = 0;
		};
/* End PBXSourcesBuildPhase section */

/* Begin PBXVariantGroup section */
		EE4B8B6D1B5ED50B005ACB3C /* Main.storyboard */ = {
			isa = PBXVariantGroup;
			children = (
				EE4B8B6E1B5ED50B005ACB3C /* Base */,
			);
			name = Main.storyboard;
			sourceTree = "<group>";
		};
		EEE816381B585EE5005ACEA6 /* LaunchScreen.xib */ = {
			isa = PBXVariantGroup;
			children = (
				EEE816391B585EE5005ACEA6 /* Base */,
			);
			name = LaunchScreen.xib;
			sourceTree = "<group>";
		};
/* End PBXVariantGroup section */

/* Begin XCBuildConfiguration section */
		EEC824EF1B5717F3003C90C1 /* Debug */ = {
			isa = XCBuildConfiguration;
			buildSettings = {
				ALWAYS_SEARCH_USER_PATHS = NO;
				CLANG_CXX_LANGUAGE_STANDARD = "gnu++0x";
				CLANG_CXX_LIBRARY = "libc++";
				CLANG_ENABLE_MODULES = YES;
				CLANG_ENABLE_OBJC_ARC = YES;
				CLANG_WARN_BOOL_CONVERSION = YES;
				CLANG_WARN_CONSTANT_CONVERSION = YES;
				CLANG_WARN_DIRECT_OBJC_ISA_USAGE = YES_ERROR;
				CLANG_WARN_EMPTY_BODY = YES;
				CLANG_WARN_ENUM_CONVERSION = YES;
				CLANG_WARN_INT_CONVERSION = YES;
				CLANG_WARN_OBJC_ROOT_CLASS = YES_ERROR;
				CLANG_WARN_UNREACHABLE_CODE = YES;
				CLANG_WARN__DUPLICATE_METHOD_MATCH = YES;
				"CODE_SIGN_IDENTITY[sdk=iphoneos*]" = "iPhone Developer";
				COPY_PHASE_STRIP = NO;
				DEBUG_INFORMATION_FORMAT = "dwarf-with-dsym";
				ENABLE_STRICT_OBJC_MSGSEND = YES;
				ENABLE_TESTABILITY = YES;
				GCC_C_LANGUAGE_STANDARD = gnu99;
				GCC_DYNAMIC_NO_PIC = NO;
				GCC_NO_COMMON_BLOCKS = YES;
				GCC_OPTIMIZATION_LEVEL = 0;
				GCC_PREPROCESSOR_DEFINITIONS = (
					"DEBUG=1",
					"$(inherited)",
				);
				GCC_SYMBOLS_PRIVATE_EXTERN = NO;
				GCC_WARN_64_TO_32_BIT_CONVERSION = YES;
				GCC_WARN_ABOUT_RETURN_TYPE = YES_ERROR;
				GCC_WARN_UNDECLARED_SELECTOR = YES;
				GCC_WARN_UNINITIALIZED_AUTOS = YES_AGGRESSIVE;
				GCC_WARN_UNUSED_FUNCTION = YES;
				GCC_WARN_UNUSED_VARIABLE = YES;
				IPHONEOS_DEPLOYMENT_TARGET = 8.3;
				MTL_ENABLE_DEBUG_INFO = YES;
				ONLY_ACTIVE_ARCH = YES;
				SDKROOT = iphoneos;
			};
			name = Debug;
		};
		EEC824F01B5717F3003C90C1 /* Release */ = {
			isa = XCBuildConfiguration;
			buildSettings = {
				ALWAYS_SEARCH_USER_PATHS = NO;
				CLANG_CXX_LANGUAGE_STANDARD = "gnu++0x";
				CLANG_CXX_LIBRARY = "libc++";
				CLANG_ENABLE_MODULES = YES;
				CLANG_ENABLE_OBJC_ARC = YES;
				CLANG_WARN_BOOL_CONVERSION = YES;
				CLANG_WARN_CONSTANT_CONVERSION = YES;
				CLANG_WARN_DIRECT_OBJC_ISA_USAGE = YES_ERROR;
				CLANG_WARN_EMPTY_BODY = YES;
				CLANG_WARN_ENUM_CONVERSION = YES;
				CLANG_WARN_INT_CONVERSION = YES;
				CLANG_WARN_OBJC_ROOT_CLASS = YES_ERROR;
				CLANG_WARN_UNREACHABLE_CODE = YES;
				CLANG_WARN__DUPLICATE_METHOD_MATCH = YES;
				"CODE_SIGN_IDENTITY[sdk=iphoneos*]" = "iPhone Developer";
				COPY_PHASE_STRIP = NO;
				DEBUG_INFORMATION_FORMAT = "dwarf-with-dsym";
				ENABLE_NS_ASSERTIONS = NO;
				ENABLE_STRICT_OBJC_MSGSEND = YES;
				GCC_C_LANGUAGE_STANDARD = gnu99;
				GCC_NO_COMMON_BLOCKS = YES;
				GCC_WARN_64_TO_32_BIT_CONVERSION = YES;
				GCC_WARN_ABOUT_RETURN_TYPE = YES_ERROR;
				GCC_WARN_UNDECLARED_SELECTOR = YES;
				GCC_WARN_UNINITIALIZED_AUTOS = YES_AGGRESSIVE;
				GCC_WARN_UNUSED_FUNCTION = YES;
				GCC_WARN_UNUSED_VARIABLE = YES;
				IPHONEOS_DEPLOYMENT_TARGET = 8.3;
				MTL_ENABLE_DEBUG_INFO = NO;
				SDKROOT = iphoneos;
				VALIDATE_PRODUCT = YES;
			};
			name = Release;
		};
		EEC824F21B5717F3003C90C1 /* Debug */ = {
			isa = XCBuildConfiguration;
			buildSettings = {
				ASSETCATALOG_COMPILER_APPICON_NAME = AppIcon;
				INFOPLIST_FILE = "$(SRCROOT)/SSMaterialCalendarPicker/Supporting Files/Info.plist";
				LD_RUNPATH_SEARCH_PATHS = "$(inherited) @executable_path/Frameworks";
				PRODUCT_BUNDLE_IDENTIFIER = com.shoryukensolutions.materialcalendarpicker;
				PRODUCT_NAME = SSMaterialCalendarPicker;
			};
			name = Debug;
		};
		EEC824F31B5717F3003C90C1 /* Release */ = {
			isa = XCBuildConfiguration;
			buildSettings = {
				ASSETCATALOG_COMPILER_APPICON_NAME = AppIcon;
				INFOPLIST_FILE = "$(SRCROOT)/SSMaterialCalendarPicker/Supporting Files/Info.plist";
				LD_RUNPATH_SEARCH_PATHS = "$(inherited) @executable_path/Frameworks";
				PRODUCT_BUNDLE_IDENTIFIER = com.shoryukensolutions.materialcalendarpicker;
				PRODUCT_NAME = SSMaterialCalendarPicker;
			};
			name = Release;
		};
/* End XCBuildConfiguration section */

/* Begin XCConfigurationList section */
		EEC824C91B5717F2003C90C1 /* Build configuration list for PBXProject "SSMaterialCalendarPicker" */ = {
			isa = XCConfigurationList;
			buildConfigurations = (
				EEC824EF1B5717F3003C90C1 /* Debug */,
				EEC824F01B5717F3003C90C1 /* Release */,
			);
			defaultConfigurationIsVisible = 0;
			defaultConfigurationName = Release;
		};
		EEC824F11B5717F3003C90C1 /* Build configuration list for PBXNativeTarget "SSMaterialCalendarPicker" */ = {
			isa = XCConfigurationList;
			buildConfigurations = (
				EEC824F21B5717F3003C90C1 /* Debug */,
				EEC824F31B5717F3003C90C1 /* Release */,
			);
			defaultConfigurationIsVisible = 0;
			defaultConfigurationName = Release;
		};
/* End XCConfigurationList section */
	};
	rootObject = EEC824C61B5717F2003C90C1 /* Project object */;
}
